# THIS IS AN AUTOGENERATED FILE. DO NOT EDIT THIS FILE DIRECTLY.
# yarn lockfile v1


ajax-request@^1.2.0:
  version "1.2.3"
  resolved "https://registry.yarnpkg.com/ajax-request/-/ajax-request-1.2.3.tgz#99fcbec1d6d2792f85fa949535332bd14f5f3790"
  integrity sha1-mfy+wdbSeS+F+pSVNTMr0U9fN5A=
  dependencies:
    file-system "^2.1.1"
    utils-extend "^1.0.7"

base64-img@^1.0.4:
  version "1.0.4"
  resolved "https://registry.yarnpkg.com/base64-img/-/base64-img-1.0.4.tgz#3e22d55d6c74a24553d840d2b1bc12a7db078d35"
  integrity sha1-PiLVXWx0okVT2EDSsbwSp9sHjTU=
  dependencies:
    ajax-request "^1.2.0"
    file-system "^2.1.0"

file-match@^1.0.1:
  version "1.0.2"
  resolved "https://registry.yarnpkg.com/file-match/-/file-match-1.0.2.tgz#c9cad265d2c8adf3a81475b0df475859069faef7"
  integrity sha1-ycrSZdLIrfOoFHWw30dYWQafrvc=
  dependencies:
    utils-extend "^1.0.6"

file-system@^2.1.0, file-system@^2.1.1:
  version "2.2.2"
  resolved "https://registry.yarnpkg.com/file-system/-/file-system-2.2.2.tgz#7d65833e3a2347dcd956a813c677153ed3edd987"
  integrity sha1-fWWDPjojR9zZVqgTxncVPtPt2Yc=
  dependencies:
    file-match "^1.0.1"
    utils-extend "^1.0.4"

utils-extend@^1.0.4, utils-extend@^1.0.6, utils-extend@^1.0.7:
  version "1.0.8"
  resolved "https://registry.yarnpkg.com/utils-extend/-/utils-extend-1.0.8.tgz#ccfd7b64540f8e90ee21eec57769d0651cab8a5f"
  integrity sha1-zP17ZFQPjpDuIe7Fd2nQZRyril8=
